
Microsoft Visual Studio Solution File, Format Version 12.00
# Visual Studio Version 17
VisualStudioVersion = 17.11.35327.3
MinimumVisualStudioVersion = 10.0.40219.1
Project("{FAE04EC0-301F-11D3-BF4B-00C04F79EFBC}") = "ajandektervezo", "ajandektervezo\ajandektervezo.csproj", "{0E721F18-26AC-4F9A-AE89-2C23BDE7017B}"
EndProject
Global
	GlobalSection(SolutionConfigurationPlatforms) = preSolution
		Debug|Any CPU = Debug|Any CPU
		Release|Any CPU = Release|Any CPU
	EndGlobalSection
	GlobalSection(ProjectConfigurationPlatforms) = postSolution
		{0E721F18-26AC-4F9A-AE89-2C23BDE7017B}.Debug|Any CPU.ActiveCfg = Debug|Any CPU
		{0E721F18-26AC-4F9A-AE89-2C23BDE7017B}.Debug|Any CPU.Build.0 = Debug|Any CPU
		{0E721F18-26AC-4F9A-AE89-2C23BDE7017B}.Release|Any CPU.ActiveCfg = Release|Any CPU
		{0E721F18-26AC-4F9A-AE89-2C23BDE7017B}.Release|Any CPU.Build.0 = Release|Any CPU
	EndGlobalSection
	GlobalSection(SolutionProperties) = preSolution
		HideSolutionNode = FALSE
	EndGlobalSection
	GlobalSection(ExtensibilityGlobals) = postSolution
		SolutionGuid = {2F6BDD66-EA47-46BB-AD7B-712E9856BB89}
	EndGlobalSection
EndGlobal
